// !$*UTF8*$!
{
	archiveVersion = 1;
	classes = {
	};
	objectVersion = 46;
	objects = {

/* Begin PBXBuildFile section */
		A3A3214715F29D4A005E721E /* Foundation.framework in Frameworks */ = {isa = PBXBuildFile; fileRef = A3A3214615F29D4A005E721E /* Foundation.framework */; };
		A3A3214A15F29D4A005E721E /* main.m in Sources */ = {isa = PBXBuildFile; fileRef = A3A3214915F29D4A005E721E /* main.m */; };
		A3A3214E15F29D4A005E721E /* basics.1 in CopyFiles */ = {isa = PBXBuildFile; fileRef = A3A3214D15F29D4A005E721E /* basics.1 */; };
/* End PBXBuildFile section */

/* Begin PBXCopyFilesBuildPhase section */
		A3A3214015F29D4A005E721E /* CopyFiles */ = {
			isa = PBXCopyFilesBuildPhase;
			buildActionMask = 2147483647;
			dstPath = /usr/share/man/man1/;
			dstSubfolderSpec = 0;
			files = (
				A3A3214E15F29D4A005E721E /* basics.1 in CopyFiles */,
			);
			runOnlyForDeploymentPostprocessing = 1;
		};
/* End PBXCopyFilesBuildPhase section */

/* Begin PBXFileReference section */
		A3A3214215F29D4A005E721E /* basics */ = {isa = PBXFileReference; explicitFileType = "compiled.mach-o.executable"; includeInIndex = 0; path = basics; sourceTree = BUILT_PRODUCTS_DIR; };
		A3A3214615F29D4A005E721E /* Foundation.framework */ = {isa = PBXFileReference; lastKnownFileType = wrapper.framework; name = Foundation.framework; path = System/Library/Frameworks/Foundation.framework; sourceTree = SDKROOT; };
		A3A3214915F29D4A005E721E /* main.m */ = {isa = PBXFileReference; lastKnownFileType = sourcecode.c.objc; path = main.m; sourceTree = "<group>"; };
		A3A3214C15F29D4A005E721E /* basics-Prefix.pch */ = {isa = PBXFileReference; lastKnownFileType = sourcecode.c.h; path = "basics-Prefix.pch"; sourceTree = "<group>"; };
		A3A3214D15F29D4A005E721E /* basics.1 */ = {isa = PBXFileReference; lastKnownFileType = text.man; path = basics.1; sourceTree = "<group>"; };
/* End PBXFileReference section */

/* Begin PBXFrameworksBuildPhase section */
		A3A3213F15F29D4A005E721E /* Frameworks */ = {
			isa = PBXFrameworksBuildPhase;
			buildActionMask = 2147483647;
			files = (
				A3A3214715F29D4A005E721E /* Foundation.framework in Frameworks */,
			);
			runOnlyForDeploymentPostprocessing = 0;
		};
/* End PBXFrameworksBuildPhase section */

/* Begin PBXGroup section */
		A3A3213715F29D4A005E721E = {
			isa = PBXGroup;
			children = (
				A3A3214815F29D4A005E721E /* basics */,
				A3A3214515F29D4A005E721E /* Frameworks */,
				A3A3214315F29D4A005E721E /* Products */,
			);
			sourceTree = "<group>";
		};
		A3A3214315F29D4A005E721E /* Products */ = {
			isa = PBXGroup;
			children = (
				A3A3214215F29D4A005E721E /* basics */,
			);
			name = Products;
			sourceTree = "<group>";
		};
		A3A3214515F29D4A005E721E /* Frameworks */ = {
			isa = PBXGroup;
			children = (
				A3A3214615F29D4A005E721E /* Foundation.framework */,
			);
			name = Frameworks;
			sourceTree = "<group>";
		};
		A3A3214815F29D4A005E721E /* basics */ = {
			isa = PBXGroup;
			children = (
				A3A3214915F29D4A005E721E /* main.m */,
				A3A3214D15F29D4A005E721E /* basics.1 */,
				A3A3214B15F29D4A005E721E /* Supporting Files */,
			);
			path = basics;
			sourceTree = "<group>";
		};
		A3A3214B15F29D4A005E721E /* Supporting Files */ = {
			isa = PBXGroup;
			children = (
				A3A3214C15F29D4A005E721E /* basics-Prefix.pch */,
			);
			name = "Supporting Files";
			sourceTree = "<group>";
		};
/* End PBXGroup section */

/* Begin PBXNativeTarget section */
		A3A3214115F29D4A005E721E /* basics */ = {
			isa = PBXNativeTarget;
			buildConfigurationList = A3A3215115F29D4A005E721E /* Build configuration list for PBXNativeTarget "basics" */;
			buildPhases = (
				A3A3213E15F29D4A005E721E /* Sources */,
				A3A3213F15F29D4A005E721E /* Frameworks */,
				A3A3214015F29D4A005E721E /* CopyFiles */,
			);
			buildRules = (
			);
			dependencies = (
			);
			name = basics;
			productName = basics;
			productReference = A3A3214215F29D4A005E721E /* basics */;
			productType = "com.apple.product-type.tool";
		};
/* End PBXNativeTarget section */

/* Begin PBXProject section */
		A3A3213915F29D4A005E721E /* Project object */ = {
			isa = PBXProject;
			attributes = {
				LastUpgradeCheck = 0440;
				ORGANIZATIONNAME = "A. Vatsaev ";
			};
			buildConfigurationList = A3A3213C15F29D4A005E721E /* Build configuration list for PBXProject "basics" */;
			compatibilityVersion = "Xcode 3.2";
			developmentRegion = English;
			hasScannedForEncodings = 0;
			knownRegions = (
				en,
			);
			mainGroup = A3A3213715F29D4A005E721E;
			productRefGroup = A3A3214315F29D4A005E721E /* Products */;
			projectDirPath = "";
			projectRoot = "";
			targets = (
				A3A3214115F29D4A005E721E /* basics */,
			);
		};
/* End PBXProject section */

/* Begin PBXSourcesBuildPhase section */
		A3A3213E15F29D4A005E721E /* Sources */ = {
			isa = PBXSourcesBuildPhase;
			buildActionMask = 2147483647;
			files = (
				A3A3214A15F29D4A005E721E /* main.m in Sources */,
			);
			runOnlyForDeploymentPostprocessing = 0;
		};
/* End PBXSourcesBuildPhase section */

/* Begin XCBuildConfiguration section */
		A3A3214F15F29D4A005E721E /* Debug */ = {
			isa = XCBuildConfiguration;
			buildSettings = {
				ALWAYS_SEARCH_USER_PATHS = NO;
				ARCHS = "$(ARCHS_STANDARD_64_BIT)";
				CLANG_CXX_LANGUAGE_STANDARD = "gnu++0x";
				CLANG_ENABLE_OBJC_ARC = YES;
				CLANG_WARN__DUPLICATE_METHOD_MATCH = YES;
				COPY_PHASE_STRIP = NO;
				GCC_C_LANGUAGE_STANDARD = gnu99;
				GCC_DYNAMIC_NO_PIC = NO;
				GCC_ENABLE_OBJC_EXCEPTIONS = YES;
				GCC_OPTIMIZATION_LEVEL = 0;
				GCC_PREPROCESSOR_DEFINITIONS = (
					"DEBUG=1",
					"$(inherited)",
				);
				GCC_SYMBOLS_PRIVATE_EXTERN = NO;
				GCC_WARN_64_TO_32_BIT_CONVERSION = YES;
				GCC_WARN_ABOUT_RETURN_TYPE = YES;
				GCC_WARN_UNINITIALIZED_AUTOS = YES;
				GCC_WARN_UNUSED_VARIABLE = YES;
				MACOSX_DEPLOYMENT_TARGET = 10.8;
				ONLY_ACTIVE_ARCH = YES;
				SDKROOT = macosx;
			};
			name = Debug;
		};
		A3A3215015F29D4A005E721E /* Release */ = {
			isa = XCBuildConfiguration;
			buildSettings = {
				ALWAYS_SEARCH_USER_PATHS = NO;
				ARCHS = "$(ARCHS_STANDARD_64_BIT)";
				CLANG_CXX_LANGUAGE_STANDARD = "gnu++0x";
				CLANG_ENABLE_OBJC_ARC = YES;
				CLANG_WARN__DUPLICATE_METHOD_MATCH = YES;
				COPY_PHASE_STRIP = YES;
				DEBUG_INFORMATION_FORMAT = "dwarf-with-dsym";
				GCC_C_LANGUAGE_STANDARD = gnu99;
				GCC_ENABLE_OBJC_EXCEPTIONS = YES;
				GCC_WARN_64_TO_32_BIT_CONVERSION = YES;
				GCC_WARN_ABOUT_RETURN_TYPE = YES;
				GCC_WARN_UNINITIALIZED_AUTOS = YES;
				GCC_WARN_UNUSED_VARIABLE = YES;
				MACOSX_DEPLOYMENT_TARGET = 10.8;
				SDKROOT = macosx;
			};
			name = Release;
		};
		A3A3215215F29D4A005E721E /* Debug */ = {
			isa = XCBuildConfiguration;
			buildSettings = {
				GCC_PRECOMPILE_PREFIX_HEADER = YES;
				GCC_PREFIX_HEADER = "basics/basics-Prefix.pch";
				PRODUCT_NAME = "$(TARGET_NAME)";
			};
			name = Debug;
		};
		A3A3215315F29D4A005E721E /* Release */ = {
			isa = XCBuildConfiguration;
			buildSettings = {
				GCC_PRECOMPILE_PREFIX_HEADER = YES;
				GCC_PREFIX_HEADER = "basics/basics-Prefix.pch";
				PRODUCT_NAME = "$(TARGET_NAME)";
			};
			name = Release;
		};
/* End XCBuildConfiguration section */

/* Begin XCConfigurationList section */
		A3A3213C15F29D4A005E721E /* Build configuration list for PBXProject "basics" */ = {
			isa = XCConfigurationList;
			buildConfigurations = (
				A3A3214F15F29D4A005E721E /* Debug */,
				A3A3215015F29D4A005E721E /* Release */,
			);
			defaultConfigurationIsVisible = 0;
			defaultConfigurationName = Release;
		};
		A3A3215115F29D4A005E721E /* Build configuration list for PBXNativeTarget "basics" */ = {
			isa = XCConfigurationList;
			buildConfigurations = (
				A3A3215215F29D4A005E721E /* Debug */,
				A3A3215315F29D4A005E721E /* Release */,
			);
			defaultConfigurationIsVisible = 0;
		};
/* End XCConfigurationList section */
	};
	rootObject = A3A3213915F29D4A005E721E /* Project object */;
}
